
Microsoft Visual Studio Solution File, Format Version 12.00
# Visual Studio 15
VisualStudioVersion = 15.0.28010.2003
MinimumVisualStudioVersion = 10.0.40219.1
Project("{FAE04EC0-301F-11D3-BF4B-00C04F79EFBC}") = "Lab07", "Lab07\Lab07.csproj", "{1025157A-9BB9-49AA-9E67-0A47142B6B64}"
EndProject
Global
	GlobalSection(SolutionConfigurationPlatforms) = preSolution
		Debug|Any CPU = Debug|Any CPU
		Release|Any CPU = Release|Any CPU
	EndGlobalSection
	GlobalSection(ProjectConfigurationPlatforms) = postSolution
		{1025157A-9BB9-49AA-9E67-0A47142B6B64}.Debug|Any CPU.ActiveCfg = Debug|Any CPU
		{1025157A-9BB9-49AA-9E67-0A47142B6B64}.Debug|Any CPU.Build.0 = Debug|Any CPU
		{1025157A-9BB9-49AA-9E67-0A47142B6B64}.Release|Any CPU.ActiveCfg = Release|Any CPU
		{1025157A-9BB9-49AA-9E67-0A47142B6B64}.Release|Any CPU.Build.0 = Release|Any CPU
	EndGlobalSection
	GlobalSection(SolutionProperties) = preSolution
		HideSolutionNode = FALSE
	EndGlobalSection
	GlobalSection(ExtensibilityGlobals) = postSolution
		SolutionGuid = {6931B9C4-A535-494E-8C95-FE4BD49692C3}
	EndGlobalSection
EndGlobal
